
Microsoft Visual Studio Solution File, Format Version 12.00
# Visual Studio Version 17
Project("{8BC9CEB8-8B4A-11D0-8D11-00A0C91BC942}") = "ALL_BUILD", "ALL_BUILD.vcxproj", "{DFA02308-F41A-3520-A3DE-854EE99D2369}"
	ProjectSection(ProjectDependencies) = postProject
		{7FD4CD1F-06C6-31C2-9DAB-84525E0D3593} = {7FD4CD1F-06C6-31C2-9DAB-84525E0D3593}
		{7B030144-524B-3FAC-B990-2D0EA88FAACE} = {7B030144-524B-3FAC-B990-2D0EA88FAACE}
	EndProjectSection
EndProject
Project("{8BC9CEB8-8B4A-11D0-8D11-00A0C91BC942}") = "ZERO_CHECK", "ZERO_CHECK.vcxproj", "{7FD4CD1F-06C6-31C2-9DAB-84525E0D3593}"
	ProjectSection(ProjectDependencies) = postProject
	EndProjectSection
EndProject
Project("{8BC9CEB8-8B4A-11D0-8D11-00A0C91BC942}") = "ffmpeg_simple_example", "ffmpeg_simple_example.vcxproj", "{7B030144-524B-3FAC-B990-2D0EA88FAACE}"
	ProjectSection(ProjectDependencies) = postProject
		{7FD4CD1F-06C6-31C2-9DAB-84525E0D3593} = {7FD4CD1F-06C6-31C2-9DAB-84525E0D3593}
	EndProjectSection
EndProject
Global
	GlobalSection(SolutionConfigurationPlatforms) = preSolution
		Debug|x64 = Debug|x64
		Release|x64 = Release|x64
		MinSizeRel|x64 = MinSizeRel|x64
		RelWithDebInfo|x64 = RelWithDebInfo|x64
	EndGlobalSection
	GlobalSection(ProjectConfigurationPlatforms) = postSolution
		{DFA02308-F41A-3520-A3DE-854EE99D2369}.Debug|x64.ActiveCfg = Debug|x64
		{DFA02308-F41A-3520-A3DE-854EE99D2369}.Release|x64.ActiveCfg = Release|x64
		{DFA02308-F41A-3520-A3DE-854EE99D2369}.MinSizeRel|x64.ActiveCfg = MinSizeRel|x64
		{DFA02308-F41A-3520-A3DE-854EE99D2369}.RelWithDebInfo|x64.ActiveCfg = RelWithDebInfo|x64
		{7FD4CD1F-06C6-31C2-9DAB-84525E0D3593}.Debug|x64.ActiveCfg = Debug|x64
		{7FD4CD1F-06C6-31C2-9DAB-84525E0D3593}.Debug|x64.Build.0 = Debug|x64
		{7FD4CD1F-06C6-31C2-9DAB-84525E0D3593}.Release|x64.ActiveCfg = Release|x64
		{7FD4CD1F-06C6-31C2-9DAB-84525E0D3593}.Release|x64.Build.0 = Release|x64
		{7FD4CD1F-06C6-31C2-9DAB-84525E0D3593}.MinSizeRel|x64.ActiveCfg = MinSizeRel|x64
		{7FD4CD1F-06C6-31C2-9DAB-84525E0D3593}.MinSizeRel|x64.Build.0 = MinSizeRel|x64
		{7FD4CD1F-06C6-31C2-9DAB-84525E0D3593}.RelWithDebInfo|x64.ActiveCfg = RelWithDebInfo|x64
		{7FD4CD1F-06C6-31C2-9DAB-84525E0D3593}.RelWithDebInfo|x64.Build.0 = RelWithDebInfo|x64
		{7B030144-524B-3FAC-B990-2D0EA88FAACE}.Debug|x64.ActiveCfg = Debug|x64
		{7B030144-524B-3FAC-B990-2D0EA88FAACE}.Debug|x64.Build.0 = Debug|x64
		{7B030144-524B-3FAC-B990-2D0EA88FAACE}.Release|x64.ActiveCfg = Release|x64
		{7B030144-524B-3FAC-B990-2D0EA88FAACE}.Release|x64.Build.0 = Release|x64
		{7B030144-524B-3FAC-B990-2D0EA88FAACE}.MinSizeRel|x64.ActiveCfg = MinSizeRel|x64
		{7B030144-524B-3FAC-B990-2D0EA88FAACE}.MinSizeRel|x64.Build.0 = MinSizeRel|x64
		{7B030144-524B-3FAC-B990-2D0EA88FAACE}.RelWithDebInfo|x64.ActiveCfg = RelWithDebInfo|x64
		{7B030144-524B-3FAC-B990-2D0EA88FAACE}.RelWithDebInfo|x64.Build.0 = RelWithDebInfo|x64
	EndGlobalSection
	GlobalSection(ExtensibilityGlobals) = postSolution
		SolutionGuid = {B26B0314-0F9E-30AB-8BEF-C4EFF4A2CE05}
	EndGlobalSection
	GlobalSection(ExtensibilityAddIns) = postSolution
	EndGlobalSection
EndGlobal
